<?xml version="1.0" encoding="utf-8"?>
<Project ToolsVersion="4.0" xmlns="http://schemas.microsoft.com/developer/msbuild/2003">
  <ItemGroup>
    <Filter Include="ソース ファイル">
      <UniqueIdentifier>{4FC737F1-C7A5-4376-A066-2A32D752A2FF}</UniqueIdentifier>
      <Extensions>cpp;c;cc;cxx;def;odl;idl;hpj;bat;asm;asmx</Extensions>
    </Filter>
    <Filter Include="ヘッダー ファイル">
      <UniqueIdentifier>{93995380-89BD-4b04-88EB-625FBE52EBFB}</UniqueIdentifier>
      <Extensions>h;hh;hpp;hxx;hm;inl;inc;ipp;xsd</Extensions>
    </Filter>
    <Filter Include="リソース ファイル">
      <UniqueIdentifier>{67DA6AB6-F800-4c08-8B7A-83BB121AAD01}</UniqueIdentifier>
      <Extensions>rc;ico;cur;bmp;dlg;rc2;rct;bin;rgs;gif;jpg;jpeg;jpe;resx;tiff;tif;png;wav;mfcribbon-ms</Extensions>
    </Filter>
    <Filter Include="ソース ファイル\Actor">
      <UniqueIdentifier>{59786065-ef8d-4545-8d64-15a05dc7c2d8}</UniqueIdentifier>
    </Filter>
    <Filter Include="ソース ファイル\Object">
      <UniqueIdentifier>{9bc1eb3d-ce31-4fcb-8d8c-c04638dafbf2}</UniqueIdentifier>
    </Filter>
    <Filter Include="ソース ファイル\Scene">
      <UniqueIdentifier>{1eac87cf-3705-4f26-93db-bb09e4fc862e}</UniqueIdentifier>
    </Filter>
    <Filter Include="ソース ファイル\Scene\SceneManager">
      <UniqueIdentifier>{76d637b3-e098-47a9-8ade-785839d7271b}</UniqueIdentifier>
    </Filter>
    <Filter Include="ソース ファイル\Object\ObjectManager">
      <UniqueIdentifier>{8bba631e-c3a1-40ae-b52b-0e73f74469f0}</UniqueIdentifier>
    </Filter>
    <Filter Include="ソース ファイル\Actor\Enemy">
      <UniqueIdentifier>{069131f6-9a12-4c44-a3ad-c080f6811bdb}</UniqueIdentifier>
    </Filter>
    <Filter Include="ソース ファイル\Actor\NPC">
      <UniqueIdentifier>{1da5def1-e91f-4b5c-b020-4d9e7ab64b3c}</UniqueIdentifier>
    </Filter>
    <Filter Include="ソース ファイル\Actor\Player">
      <UniqueIdentifier>{39394b08-b19d-4194-bbab-6c33578e5d8b}</UniqueIdentifier>
    </Filter>
    <Filter Include="ソース ファイル\Actor\Player\PlayerManager">
      <UniqueIdentifier>{3437007a-e8d8-45ea-9b81-cf5ddc6608bf}</UniqueIdentifier>
    </Filter>
    <Filter Include="ソース ファイル\Actor\Enemy\EnemyManager">
      <UniqueIdentifier>{f45539de-87ca-4df5-b62f-b9dceb979e70}</UniqueIdentifier>
    </Filter>
    <Filter Include="ソース ファイル\Actor\NPC\NpcManager">
      <UniqueIdentifier>{6910018e-cc61-4e55-996e-a1db97898040}</UniqueIdentifier>
    </Filter>
    <Filter Include="ソース ファイル\UI">
      <UniqueIdentifier>{368b5a80-4188-4920-a511-072e62658b63}</UniqueIdentifier>
    </Filter>
    <Filter Include="ソース ファイル\Sound">
      <UniqueIdentifier>{a0e91eba-251d-40c8-b654-13314da1a561}</UniqueIdentifier>
    </Filter>
    <Filter Include="ソース ファイル\Item">
      <UniqueIdentifier>{88e01236-f142-41c7-86c7-c3af08c87652}</UniqueIdentifier>
    </Filter>
    <Filter Include="ソース ファイル\Item\ItemManager">
      <UniqueIdentifier>{d771efd3-eb3c-4117-834d-6e690886d5f9}</UniqueIdentifier>
    </Filter>
    <Filter Include="ソース ファイル\Scene\InGame">
      <UniqueIdentifier>{f4f4e35b-6f75-496e-a440-7db5319f55f1}</UniqueIdentifier>
    </Filter>
  </ItemGroup>
  <ItemGroup>
    <ClCompile Include="Source\GameSystem.cpp">
      <Filter>ソース ファイル</Filter>
    </ClCompile>
    <ClCompile Include="Source\main.cpp">
      <Filter>ソース ファイル</Filter>
    </ClCompile>
    <ClCompile Include="Source\ModelLoader.cpp">
      <Filter>ソース ファイル</Filter>
    </ClCompile>
    <ClCompile Include="Source\Camera.cpp">
      <Filter>ソース ファイル</Filter>
    </ClCompile>
    <ClCompile Include="Source\Actor.cpp">
      <Filter>ソース ファイル\Actor</Filter>
    </ClCompile>
    <ClCompile Include="Source\ObjectBase.cpp">
      <Filter>ソース ファイル\Object</Filter>
    </ClCompile>
    <ClCompile Include="Source\ObjectField.cpp">
      <Filter>ソース ファイル\Object</Filter>
    </ClCompile>
    <ClCompile Include="Source\Input.cpp">
      <Filter>ソース ファイル</Filter>
    </ClCompile>
    <ClCompile Include="Source\PlayerManager.cpp">
      <Filter>ソース ファイル\Actor\Player\PlayerManager</Filter>
    </ClCompile>
    <ClCompile Include="Source\SceneBase.cpp">
      <Filter>ソース ファイル\Scene</Filter>
    </ClCompile>
    <ClCompile Include="Source\SceneManager.cpp">
      <Filter>ソース ファイル\Scene\SceneManager</Filter>
    </ClCompile>
    <ClCompile Include="Source\HitChecker.cpp">
      <Filter>ソース ファイル</Filter>
    </ClCompile>
    <ClCompile Include="Source\ObjectSky.cpp">
      <Filter>ソース ファイル\Object</Filter>
    </ClCompile>
    <ClCompile Include="Source\ObjectManager.cpp">
      <Filter>ソース ファイル\Object\ObjectManager</Filter>
    </ClCompile>
    <ClCompile Include="Source\Enemy.cpp">
      <Filter>ソース ファイル\Actor\Enemy</Filter>
    </ClCompile>
    <ClCompile Include="Source\Idol.cpp">
      <Filter>ソース ファイル\Actor\NPC</Filter>
    </ClCompile>
    <ClCompile Include="Source\Player.cpp">
      <Filter>ソース ファイル\Actor\Player</Filter>
    </ClCompile>
    <ClCompile Include="Source\EnemyManager.cpp">
      <Filter>ソース ファイル\Actor\Enemy\EnemyManager</Filter>
    </ClCompile>
    <ClCompile Include="Source\NpcManager.cpp">
      <Filter>ソース ファイル\Actor\NPC\NpcManager</Filter>
    </ClCompile>
    <ClCompile Include="Source\ObjectVisibleWall.cpp">
      <Filter>ソース ファイル\Object</Filter>
    </ClCompile>
    <ClCompile Include="Source\SceneTitle.cpp">
      <Filter>ソース ファイル\Scene</Filter>
    </ClCompile>
    <ClCompile Include="Source\InGameUIManager.cpp">
      <Filter>ソース ファイル\UI</Filter>
    </ClCompile>
    <ClCompile Include="Source\InterfaceBase.cpp">
      <Filter>ソース ファイル\UI</Filter>
    </ClCompile>
    <ClCompile Include="Source\InterfacePlayer.cpp">
      <Filter>ソース ファイル\UI</Filter>
    </ClCompile>
    <ClCompile Include="Source\SceneResult.cpp">
      <Filter>ソース ファイル\Scene</Filter>
    </ClCompile>
    <ClCompile Include="Source\Timer.cpp">
      <Filter>ソース ファイル</Filter>
    </ClCompile>
    <ClCompile Include="SoundFX.cpp">
      <Filter>ソース ファイル\Sound</Filter>
    </ClCompile>
    <ClCompile Include="Source\Item.cpp">
      <Filter>ソース ファイル\Item</Filter>
    </ClCompile>
    <ClCompile Include="Source\ItemManager.cpp">
      <Filter>ソース ファイル\Item\ItemManager</Filter>
    </ClCompile>
    <ClCompile Include="Source\SceneInGame.cpp">
      <Filter>ソース ファイル\Scene\InGame</Filter>
    </ClCompile>
    <ClCompile Include="Source\Score.cpp">
      <Filter>ソース ファイル\UI</Filter>
    </ClCompile>
    <ClCompile Include="Source\ObjectPod.cpp">
      <Filter>ソース ファイル\Object</Filter>
    </ClCompile>
  </ItemGroup>
  <ItemGroup>
    <ClInclude Include="Source\GameSystem.h">
      <Filter>ソース ファイル</Filter>
    </ClInclude>
    <ClInclude Include="Source\ModelLoader.h">
      <Filter>ソース ファイル</Filter>
    </ClInclude>
    <ClInclude Include="Source\Camera.h">
      <Filter>ソース ファイル</Filter>
    </ClInclude>
    <ClInclude Include="Source\Actor.h">
      <Filter>ソース ファイル\Actor</Filter>
    </ClInclude>
    <ClInclude Include="Source\ObjectBase.h">
      <Filter>ソース ファイル\Object</Filter>
    </ClInclude>
    <ClInclude Include="Source\ObjectField.h">
      <Filter>ソース ファイル\Object</Filter>
    </ClInclude>
    <ClInclude Include="Source\Input.h">
      <Filter>ソース ファイル</Filter>
    </ClInclude>
    <ClInclude Include="Source\PlayerManager.h">
      <Filter>ソース ファイル\Actor\Player\PlayerManager</Filter>
    </ClInclude>
    <ClInclude Include="Source\SceneBase.h">
      <Filter>ソース ファイル\Scene</Filter>
    </ClInclude>
    <ClInclude Include="Source\SceneManager.h">
      <Filter>ソース ファイル\Scene\SceneManager</Filter>
    </ClInclude>
    <ClInclude Include="Source\HitChecker.h">
      <Filter>ソース ファイル</Filter>
    </ClInclude>
    <ClInclude Include="Source\Common.h">
      <Filter>ソース ファイル</Filter>
    </ClInclude>
    <ClInclude Include="Source\ObjectSky.h">
      <Filter>ソース ファイル\Object</Filter>
    </ClInclude>
    <ClInclude Include="Source\ObjectManager.h">
      <Filter>ソース ファイル\Object\ObjectManager</Filter>
    </ClInclude>
    <ClInclude Include="Source\Enemy.h">
      <Filter>ソース ファイル\Actor\Enemy</Filter>
    </ClInclude>
    <ClInclude Include="Source\Idol.h">
      <Filter>ソース ファイル\Actor\NPC</Filter>
    </ClInclude>
    <ClInclude Include="Source\Player.h">
      <Filter>ソース ファイル\Actor\Player</Filter>
    </ClInclude>
    <ClInclude Include="Source\EnemyManager.h">
      <Filter>ソース ファイル\Actor\Enemy\EnemyManager</Filter>
    </ClInclude>
    <ClInclude Include="Source\NpcManager.h">
      <Filter>ソース ファイル\Actor\NPC\NpcManager</Filter>
    </ClInclude>
    <ClInclude Include="Source\ObjectVisibleWall.h">
      <Filter>ソース ファイル\Object</Filter>
    </ClInclude>
    <ClInclude Include="Source\SceneTitle.h">
      <Filter>ソース ファイル\Scene</Filter>
    </ClInclude>
    <ClInclude Include="Source\InterfaceBase.h">
      <Filter>ソース ファイル\UI</Filter>
    </ClInclude>
    <ClInclude Include="Source\InterfacePlayer.h">
      <Filter>ソース ファイル\UI</Filter>
    </ClInclude>
    <ClInclude Include="Source\InGameUIManager.h">
      <Filter>ソース ファイル\UI</Filter>
    </ClInclude>
    <ClInclude Include="Source\SceneResult.h">
      <Filter>ソース ファイル\Scene</Filter>
    </ClInclude>
    <ClInclude Include="Source\Timer.h">
      <Filter>ソース ファイル</Filter>
    </ClInclude>
    <ClInclude Include="SoundFX.h">
      <Filter>ソース ファイル\Sound</Filter>
    </ClInclude>
    <ClInclude Include="Source\Item.h">
      <Filter>ソース ファイル\Item</Filter>
    </ClInclude>
    <ClInclude Include="Source\ItemManager.h">
      <Filter>ソース ファイル\Item\ItemManager</Filter>
    </ClInclude>
    <ClInclude Include="Source\SceneInGame.h">
      <Filter>ソース ファイル\Scene\InGame</Filter>
    </ClInclude>
    <ClInclude Include="Source\Score.h">
      <Filter>ソース ファイル\UI</Filter>
    </ClInclude>
    <ClInclude Include="Source\ObjectPod.h">
      <Filter>ソース ファイル\Object</Filter>
    </ClInclude>
  </ItemGroup>
</Project>